
Microsoft Visual Studio Solution File, Format Version 12.00
# Visual Studio 14
VisualStudioVersion = 14.0.25420.1
MinimumVisualStudioVersion = 10.0.40219.1
Project("{FAE04EC0-301F-11D3-BF4B-00C04F79EFBC}") = "OpenCVWeb", "OpenCVWeb\OpenCVWeb.csproj", "{F2193B74-BFB3-40F0-BCB3-64B1784B7527}"
EndProject
Global
	GlobalSection(SolutionConfigurationPlatforms) = preSolution
		Debug|Any CPU = Debug|Any CPU
		Release|Any CPU = Release|Any CPU
	EndGlobalSection
	GlobalSection(ProjectConfigurationPlatforms) = postSolution
		{F2193B74-BFB3-40F0-BCB3-64B1784B7527}.Debug|Any CPU.ActiveCfg = Debug|Any CPU
		{F2193B74-BFB3-40F0-BCB3-64B1784B7527}.Debug|Any CPU.Build.0 = Debug|Any CPU
		{F2193B74-BFB3-40F0-BCB3-64B1784B7527}.Release|Any CPU.ActiveCfg = Release|Any CPU
		{F2193B74-BFB3-40F0-BCB3-64B1784B7527}.Release|Any CPU.Build.0 = Release|Any CPU
	EndGlobalSection
	GlobalSection(SolutionProperties) = preSolution
		HideSolutionNode = FALSE
	EndGlobalSection
EndGlobal
